
Microsoft Visual Studio Solution File, Format Version 12.00
# Visual Studio Version 16
VisualStudioVersion = 16.0.30907.101
MinimumVisualStudioVersion = 10.0.40219.1
Project("{FAE04EC0-301F-11D3-BF4B-00C04F79EFBC}") = "CShapLog", "CShapLog\CShapLog.csproj", "{47E20306-2974-4EE4-80F1-688BFADBD173}"
EndProject
Global
	GlobalSection(SolutionConfigurationPlatforms) = preSolution
		Debug|Any CPU = Debug|Any CPU
		Release|Any CPU = Release|Any CPU
	EndGlobalSection
	GlobalSection(ProjectConfigurationPlatforms) = postSolution
		{47E20306-2974-4EE4-80F1-688BFADBD173}.Debug|Any CPU.ActiveCfg = Debug|Any CPU
		{47E20306-2974-4EE4-80F1-688BFADBD173}.Debug|Any CPU.Build.0 = Debug|Any CPU
		{47E20306-2974-4EE4-80F1-688BFADBD173}.Release|Any CPU.ActiveCfg = Release|Any CPU
		{47E20306-2974-4EE4-80F1-688BFADBD173}.Release|Any CPU.Build.0 = Release|Any CPU
	EndGlobalSection
	GlobalSection(SolutionProperties) = preSolution
		HideSolutionNode = FALSE
	EndGlobalSection
	GlobalSection(ExtensibilityGlobals) = postSolution
		SolutionGuid = {0E57D903-5E3E-41A3-97C9-B82C7D9A9F53}
	EndGlobalSection
EndGlobal
